
Microsoft Visual Studio Solution File, Format Version 12.00
# Visual Studio Version 16
VisualStudioVersion = 16.0.29020.237
MinimumVisualStudioVersion = 10.0.40219.1
Project("{9A19103F-16F7-4668-BE54-9A1E7A4F7556}") = "Bank", "Bank\Bank.csproj", "{C2C85788-72C2-44DB-BBA8-74FB59ABD391}"
EndProject
Project("{9A19103F-16F7-4668-BE54-9A1E7A4F7556}") = "BankArrayTest", "BankArrayTest\BankArrayTest.csproj", "{4D695AB1-E2FD-4638-A391-7585A8DAE2CE}"
EndProject
Global
	GlobalSection(SolutionConfigurationPlatforms) = preSolution
		Debug|Any CPU = Debug|Any CPU
		Release|Any CPU = Release|Any CPU
	EndGlobalSection
	GlobalSection(ProjectConfigurationPlatforms) = postSolution
		{C2C85788-72C2-44DB-BBA8-74FB59ABD391}.Debug|Any CPU.ActiveCfg = Debug|Any CPU
		{C2C85788-72C2-44DB-BBA8-74FB59ABD391}.Debug|Any CPU.Build.0 = Debug|Any CPU
		{C2C85788-72C2-44DB-BBA8-74FB59ABD391}.Release|Any CPU.ActiveCfg = Release|Any CPU
		{C2C85788-72C2-44DB-BBA8-74FB59ABD391}.Release|Any CPU.Build.0 = Release|Any CPU
		{4D695AB1-E2FD-4638-A391-7585A8DAE2CE}.Debug|Any CPU.ActiveCfg = Debug|Any CPU
		{4D695AB1-E2FD-4638-A391-7585A8DAE2CE}.Debug|Any CPU.Build.0 = Debug|Any CPU
		{4D695AB1-E2FD-4638-A391-7585A8DAE2CE}.Release|Any CPU.ActiveCfg = Release|Any CPU
		{4D695AB1-E2FD-4638-A391-7585A8DAE2CE}.Release|Any CPU.Build.0 = Release|Any CPU
	EndGlobalSection
	GlobalSection(SolutionProperties) = preSolution
		HideSolutionNode = FALSE
	EndGlobalSection
	GlobalSection(ExtensibilityGlobals) = postSolution
		SolutionGuid = {0DC7BD3D-4701-43AF-B91A-FEEF87D9FB0F}
	EndGlobalSection
EndGlobal
